
Microsoft Visual Studio Solution File, Format Version 12.00
# Visual Studio 15
VisualStudioVersion = 15.0.28010.2048
MinimumVisualStudioVersion = 10.0.40219.1
Project("{FAE04EC0-301F-11D3-BF4B-00C04F79EFBC}") = "UsageReportingDownloads", "UsageReportingDownloads\UsageReportingDownloads.csproj", "{36F6506A-32F7-4598-A5A2-356F2F7FC2C5}"
EndProject
Global
	GlobalSection(SolutionConfigurationPlatforms) = preSolution
		Debug|Any CPU = Debug|Any CPU
		Release|Any CPU = Release|Any CPU
	EndGlobalSection
	GlobalSection(ProjectConfigurationPlatforms) = postSolution
		{36F6506A-32F7-4598-A5A2-356F2F7FC2C5}.Debug|Any CPU.ActiveCfg = Debug|Any CPU
		{36F6506A-32F7-4598-A5A2-356F2F7FC2C5}.Debug|Any CPU.Build.0 = Debug|Any CPU
		{36F6506A-32F7-4598-A5A2-356F2F7FC2C5}.Release|Any CPU.ActiveCfg = Release|Any CPU
		{36F6506A-32F7-4598-A5A2-356F2F7FC2C5}.Release|Any CPU.Build.0 = Release|Any CPU
	EndGlobalSection
	GlobalSection(SolutionProperties) = preSolution
		HideSolutionNode = FALSE
	EndGlobalSection
	GlobalSection(ExtensibilityGlobals) = postSolution
		SolutionGuid = {04F30056-985D-487C-9508-2FA06FED6423}
	EndGlobalSection
EndGlobal
